Microsoft Visual Studio Solution File, Format Version 11.00
# Visual Studio 2008

Project("{128E7C2D-5320-FBAE-95DB-10CDA461266E}") = "FV", "Assembly-CSharp.csproj", "{A84D2D66-B116-AD15-9BD7-8794A8DFC569}"
EndProject
Global
	GlobalSection(SolutionConfigurationPlatforms) = preSolution
		Debug|Any CPU = Debug|Any CPU
		Release|Any CPU = Release|Any CPU
	EndGlobalSection
	GlobalSection(ProjectConfigurationPlatforms) = postSolution
		{A84D2D66-B116-AD15-9BD7-8794A8DFC569}.Debug|Any CPU.ActiveCfg = Debug|Any CPU
		{A84D2D66-B116-AD15-9BD7-8794A8DFC569}.Debug|Any CPU.Build.0 = Debug|Any CPU
		{A84D2D66-B116-AD15-9BD7-8794A8DFC569}.Release|Any CPU.ActiveCfg = Release|Any CPU
		{A84D2D66-B116-AD15-9BD7-8794A8DFC569}.Release|Any CPU.Build.0 = Release|Any CPU
	EndGlobalSection
	GlobalSection(SolutionProperties) = preSolution
		HideSolutionNode = FALSE
	EndGlobalSection
	GlobalSection(MonoDevelopProperties) = preSolution
		StartupItem = Assembly-CSharp.csproj
	EndGlobalSection
EndGlobal
