
Microsoft Visual Studio Solution File, Format Version 12.00
# Visual Studio 2015
Project("{FAE04EC0-301F-11D3-BF4B-00C04F79EFBC}") = "FV.CSharp", "FV.CSharp.csproj", "{4D3C5E93-F468-94C3-0B3A-3190B4C4955D}"
EndProject
Global
	GlobalSection(SolutionConfigurationPlatforms) = preSolution
		Debug|Any CPU = Debug|Any CPU
		Release|Any CPU = Release|Any CPU
	EndGlobalSection
	GlobalSection(ProjectConfigurationPlatforms) = postSolution
		{4D3C5E93-F468-94C3-0B3A-3190B4C4955D}.Debug|Any CPU.ActiveCfg = Debug|Any CPU
		{4D3C5E93-F468-94C3-0B3A-3190B4C4955D}.Debug|Any CPU.Build.0 = Debug|Any CPU
		{4D3C5E93-F468-94C3-0B3A-3190B4C4955D}.Release|Any CPU.ActiveCfg = Release|Any CPU
		{4D3C5E93-F468-94C3-0B3A-3190B4C4955D}.Release|Any CPU.Build.0 = Release|Any CPU
	EndGlobalSection
	GlobalSection(SolutionProperties) = preSolution
		HideSolutionNode = FALSE
	EndGlobalSection
EndGlobal
